
Microsoft Visual Studio Solution File, Format Version 12.00
# Visual Studio Version 17
VisualStudioVersion = 17.13.35825.156 d17.13
MinimumVisualStudioVersion = 10.0.40219.1
Project("{FAE04EC0-301F-11D3-BF4B-00C04F79EFBC}") = "BinaryFileClient", "BinaryFileClient.csproj", "{183CA803-2CA4-4A47-833B-420528EF7A07}"
EndProject
Global
	GlobalSection(SolutionConfigurationPlatforms) = preSolution
		Debug|Any CPU = Debug|Any CPU
		Release|Any CPU = Release|Any CPU
	EndGlobalSection
	GlobalSection(ProjectConfigurationPlatforms) = postSolution
		{183CA803-2CA4-4A47-833B-420528EF7A07}.Debug|Any CPU.ActiveCfg = Debug|Any CPU
		{183CA803-2CA4-4A47-833B-420528EF7A07}.Debug|Any CPU.Build.0 = Debug|Any CPU
		{183CA803-2CA4-4A47-833B-420528EF7A07}.Release|Any CPU.ActiveCfg = Release|Any CPU
		{183CA803-2CA4-4A47-833B-420528EF7A07}.Release|Any CPU.Build.0 = Release|Any CPU
	EndGlobalSection
	GlobalSection(SolutionProperties) = preSolution
		HideSolutionNode = FALSE
	EndGlobalSection
	GlobalSection(ExtensibilityGlobals) = postSolution
		SolutionGuid = {77D60821-7EA8-4D89-8527-7658178365B4}
	EndGlobalSection
EndGlobal
